{
  "name": "app",
  "version": "1.0.0",
  "lockfileVersion": 3,
  "requires": true,
  "packages": {
    "": {
      "name": "app",
      "version": "1.0.0",
      "dependencies": {
        "brainflow": "^5.16.0"
      }
    },
    "node_modules/brainflow": {
      "version": "5.16.0",
      "resolved": "https://registry.npmjs.org/brainflow/-/brainflow-5.16.0.tgz",
      "integrity": "sha512-I0AtAl+OLTDtCKdjAwLts+YFyFL3wFf1aSTYaI46VH29mIGMplEsmi0veDhYKu0H9qHY4xKJM71FqXwyhonM0Q==",
      "dependencies": {
        "koffi": "2.5.7",
        "lodash": "4.17.21"
      }
    },
    "node_modules/koffi": {
      "version": "2.5.7",
      "resolved": "https://registry.npmjs.org/koffi/-/koffi-2.5.7.tgz",
      "integrity": "sha512-BQfUHG6hXJ8Wpd0kwl1n0jx3VPYN9F6yFCWEEUdyrBvb7YJBt5e762y5nQpbORkq5Tj96ZzriGIK9VCgY1qmGg==",
      "hasInstallScript": true
    },
    "node_modules/lodash": {
      "version": "4.17.21",
      "resolved": "https://registry.npmjs.org/lodash/-/lodash-4.17.21.tgz",
      "integrity": "sha512-v2kDEe57lecTulaDIuNTPy3Ry4gLGJ6Z1O3vE1krgXZNrsQ+LFTGHVxVjcXPs17LhbZVGedAJv8XZ1tvj5FvSg=="
    }
  }
}
